{
  "version": 4,
  "terraform_version": "1.5.7",
  "serial": 5,
  "lineage": "4dd0de35-5ad6-82dc-600a-e7ef8d32600f",
  "outputs": {},
  "resources": [
    {
      "mode": "managed",
      "type": "google_sql_database_instance",
      "name": "sqlinstance",
      "provider": "provider[\"registry.terraform.io/hashicorp/google\"]",
      "instances": [
        {
          "schema_version": 0,
          "attributes": {
            "available_maintenance_versions": [],
            "clone": [],
            "connection_name": "terra244:us-central1:main-instance",
            "database_version": "POSTGRES_15",
            "deletion_protection": false,
            "dns_name": "",
            "encryption_key_name": null,
            "first_ip_address": "35.193.91.170",
            "id": "main-instance",
            "instance_type": "CLOUD_SQL_INSTANCE",
            "ip_address": [
              {
                "ip_address": "35.193.91.170",
                "time_to_retire": "",
                "type": "PRIMARY"
              },
              {
                "ip_address": "34.66.63.139",
                "time_to_retire": "",
                "type": "OUTGOING"
              }
            ],
            "maintenance_version": "POSTGRES_15_5.R20240130.00_09",
            "master_instance_name": "",
            "name": "main-instance",
            "private_ip_address": "",
            "project": "terra244",
            "psc_service_attachment_link": "",
            "public_ip_address": "35.193.91.170",
            "region": "us-central1",
            "replica_configuration": [],
            "restore_backup_context": [],
            "root_password": null,
            "self_link": "https://sqladmin.googleapis.com/sql/v1beta4/projects/terra244/instances/main-instance",
            "server_ca_cert": [
              {
                "cert": "-----BEGIN CERTIFICATE-----\nMIIDfzCCAmegAwIBAgIBADANBgkqhkiG9w0BAQsFADB3MS0wKwYDVQQuEyQ4MDE5\nNThkNi05NGVlLTRiZmMtOWVjOS1jZmYzZjc2YjQ4ZmExIzAhBgNVBAMTGkdvb2ds\nZSBDbG91ZCBTUUwgU2VydmVyIENBMRQwEgYDVQQKEwtHb29nbGUsIEluYzELMAkG\nA1UEBhMCVVMwHhcNMjQwNTA1MDMyMDE0WhcNMzQwNTAzMDMyMTE0WjB3MS0wKwYD\nVQQuEyQ4MDE5NThkNi05NGVlLTRiZmMtOWVjOS1jZmYzZjc2YjQ4ZmExIzAhBgNV\nBAMTGkdvb2dsZSBDbG91ZCBTUUwgU2VydmVyIENBMRQwEgYDVQQKEwtHb29nbGUs\nIEluYzELMAkGA1UEBhMCVVMwggEiMA0GCSqGSIb3DQEBAQUAA4IBDwAwggEKAoIB\nAQCF0tLRLmZo5Sb5NFVPx+/Q93sPeOZHjDPHAMQxxxtwPqO1sQ/Pt92d8Gt8nzUN\nGG0xGazXW5URsZ7M/V+o56x3PRTs5QAuzUP9NbTbVsnnhx+vnzdPsqy6Shb5/rGK\ntF264tOZcr/Ul+AkRTdhllWmxe81nn0/SOLTIEHZOVM83DvCmVGqD68QyqR3WKLW\nf3rajtgHao2Y9j8jTKXYVfP7WYP37NLqyXrCcbYNqsLc84LFf8ho4SGLFD2flf8A\n1m1G0GLzLJ0Kp4TVzwasxdpD/GUs0ZVIVLF25W+cSsuc78gVIml1kKe/3gBJ85Z6\n/Tmf9R775K3nDLa7dpKC4TYVAgMBAAGjFjAUMBIGA1UdEwEB/wQIMAYBAf8CAQAw\nDQYJKoZIhvcNAQELBQADggEBAEAK+C206MCv9xzPPkrBR/2kX8g/1c/iNkzogMBj\nZBevZbWayhg6WJGvXG5N0MRYRUZv+NU87RBWtF6QlV/MQsjZEW6p2412WhHb+FtP\nDCE3ZBKOFdjVu9zvYYWExECE/KS0N16FCXjxPBij0X1fjuR/5NbyIglKBIpjI26l\n5u89c/bWYn/iXaan1aQW7OMAtWDIQO9e0opgKhb4Fe8WB2gT6SRNDI6knmuln/K1\nrGevZMCpAp6FnPahYK3flgEteNPfzSg/Rx5qzaX8T0Vo5/LtWPjb3waiCanyfn4D\nDhAiaDXXTqdwpC3cxFLoigdsP/yZST6TpzttARFk8lLXHTI=\n-----END CERTIFICATE-----",
                "common_name": "C=US,O=Google\\, Inc,CN=Google Cloud SQL Server CA,dnQualifier=801958d6-94ee-4bfc-9ec9-cff3f76b48fa",
                "create_time": "2024-05-05T03:20:14.714Z",
                "expiration_time": "2034-05-03T03:21:14.714Z",
                "sha1_fingerprint": "3f6efe0f30b62d104eea605184ff8d9dec06c705"
              }
            ],
            "service_account_email_address": "p5989077716-al761r@gcp-sa-cloud-sql.iam.gserviceaccount.com",
            "settings": [
              {
                "activation_policy": "ALWAYS",
                "active_directory_config": [],
                "advanced_machine_features": [],
                "availability_type": "ZONAL",
                "backup_configuration": [
                  {
                    "backup_retention_settings": [
                      {
                        "retained_backups": 7,
                        "retention_unit": "COUNT"
                      }
                    ],
                    "binary_log_enabled": false,
                    "enabled": false,
                    "location": "",
                    "point_in_time_recovery_enabled": false,
                    "start_time": "11:00",
                    "transaction_log_retention_days": 7
                  }
                ],
                "collation": "",
                "connector_enforcement": "NOT_REQUIRED",
                "data_cache_config": [],
                "database_flags": [],
                "deletion_protection_enabled": false,
                "deny_maintenance_period": [],
                "disk_autoresize": true,
                "disk_autoresize_limit": 0,
                "disk_size": 10,
                "disk_type": "PD_SSD",
                "edition": "",
                "insights_config": [],
                "ip_configuration": [
                  {
                    "allocated_ip_range": "",
                    "authorized_networks": [],
                    "enable_private_path_for_google_cloud_services": false,
                    "ipv4_enabled": true,
                    "private_network": "",
                    "psc_config": [],
                    "require_ssl": false
                  }
                ],
                "location_preference": [
                  {
                    "follow_gae_application": "",
                    "secondary_zone": "",
                    "zone": "us-central1-a"
                  }
                ],
                "maintenance_window": [],
                "password_validation_policy": [],
                "pricing_plan": "PER_USE",
                "sql_server_audit_config": [],
                "tier": "db-f1-micro",
                "time_zone": "",
                "user_labels": {},
                "version": 2
              }
            ],
            "timeouts": null
          },
          "sensitive_attributes": [],
          "private": "eyJlMmJmYjczMC1lY2FhLTExZTYtOGY4OC0zNDM2M2JjN2M0YzAiOnsiY3JlYXRlIjoyNDAwMDAwMDAwMDAwLCJkZWxldGUiOjE4MDAwMDAwMDAwMDAsInVwZGF0ZSI6MTgwMDAwMDAwMDAwMH19"
        }
      ]
    }
  ],
  "check_results": null
}
